
Microsoft Visual Studio Solution File, Format Version 12.00
# Visual Studio 15
VisualStudioVersion = 15.0.28307.539
MinimumVisualStudioVersion = 10.0.40219.1
Project("{FAE04EC0-301F-11D3-BF4B-00C04F79EFBC}") = "App", "App\App.csproj", "{44F86628-111E-4857-91FB-6FBEB5471FCC}"
EndProject
Global
	GlobalSection(SolutionConfigurationPlatforms) = preSolution
		Debug|Any CPU = Debug|Any CPU
		Release|Any CPU = Release|Any CPU
	EndGlobalSection
	GlobalSection(ProjectConfigurationPlatforms) = postSolution
		{44F86628-111E-4857-91FB-6FBEB5471FCC}.Debug|Any CPU.ActiveCfg = Debug|Any CPU
		{44F86628-111E-4857-91FB-6FBEB5471FCC}.Debug|Any CPU.Build.0 = Debug|Any CPU
		{44F86628-111E-4857-91FB-6FBEB5471FCC}.Release|Any CPU.ActiveCfg = Release|Any CPU
		{44F86628-111E-4857-91FB-6FBEB5471FCC}.Release|Any CPU.Build.0 = Release|Any CPU
	EndGlobalSection
	GlobalSection(SolutionProperties) = preSolution
		HideSolutionNode = FALSE
	EndGlobalSection
	GlobalSection(ExtensibilityGlobals) = postSolution
		SolutionGuid = {7FAC1EE5-7C9A-4DCB-8B73-2223F5981C2F}
	EndGlobalSection
EndGlobal
